
Microsoft Visual Studio Solution File, Format Version 12.00
# Visual Studio Version 17
VisualStudioVersion = 17.11.35327.3
MinimumVisualStudioVersion = 10.0.40219.1
Project("{2150E333-8FDC-42A3-9474-1A3956D46DE8}") = "Services", "Services", "{ED70D90A-3EE7-4DB8-91C7-98DA01F0FD10}"
EndProject
Project("{2150E333-8FDC-42A3-9474-1A3956D46DE8}") = "Catalog", "Catalog", "{BC7FFFC3-87F9-4293-B57A-C703467F2297}"
EndProject
Project("{9A19103F-16F7-4668-BE54-9A1E7A4F7556}") = "Catalog.API", "Sevices\Catalog\Catalog.API\Catalog.API.csproj", "{C0B8C7ED-14E9-43B6-BAED-52C98C1D49B5}"
EndProject
Project("{2150E333-8FDC-42A3-9474-1A3956D46DE8}") = "BuidingBlocks", "BuidingBlocks", "{5596D5A0-9D54-4402-AC52-B9A026B03DFF}"
EndProject
Project("{FAE04EC0-301F-11D3-BF4B-00C04F79EFBC}") = "BuidingBlocks", "BuidingBlocks\BuidingBlocks\BuidingBlocks.csproj", "{03AB2B96-A315-4E33-A1AB-E9D95B1108B1}"
EndProject
Project("{E53339B2-1760-4266-BCC7-CA923CBCF16C}") = "docker-compose", "docker-compose.dcproj", "{81DDED9D-158B-E303-5F62-77A2896D2A5A}"
EndProject
Project("{2150E333-8FDC-42A3-9474-1A3956D46DE8}") = "Basket", "Basket", "{02EA681E-C7D8-13C7-8484-4AC65E1B71E8}"
EndProject
Project("{FAE04EC0-301F-11D3-BF4B-00C04F79EFBC}") = "Basket.API", "Sevices\Basket\Basket.API\Basket.API.csproj", "{02FBD818-A686-4605-B69C-AB9E7B88C4BD}"
EndProject
Project("{2150E333-8FDC-42A3-9474-1A3956D46DE8}") = "Discount", "Discount", "{802E4540-431E-4B26-B245-067686DE05A6}"
EndProject
Project("{FAE04EC0-301F-11D3-BF4B-00C04F79EFBC}") = "Discount.Grpc", "Sevices\Discount\Discount.Grpc\Discount.Grpc.csproj", "{83946DF9-21F5-4F13-AEF2-C11604845163}"
EndProject
Project("{2150E333-8FDC-42A3-9474-1A3956D46DE8}") = "Ordering", "Ordering", "{B2384775-BD8A-4182-936D-28CECFE5E54A}"
EndProject
Project("{FAE04EC0-301F-11D3-BF4B-00C04F79EFBC}") = "Ordering.API", "Sevices\Ordering\Ordering.API\Ordering.API.csproj", "{83B32038-BA17-462C-8DC8-4D08C763A8EB}"
EndProject
Project("{FAE04EC0-301F-11D3-BF4B-00C04F79EFBC}") = "Ordering.Application", "Sevices\Ordering\Ordering.Application\Ordering.Application.csproj", "{7A74BBCE-A751-4B62-84C4-486E0184A25D}"
EndProject
Project("{FAE04EC0-301F-11D3-BF4B-00C04F79EFBC}") = "Ordering.Domain", "Sevices\Ordering\Ordering.Domain\Ordering.Domain.csproj", "{0B8A4599-78A3-4DC9-BAC3-A8025A987D5B}"
EndProject
Project("{FAE04EC0-301F-11D3-BF4B-00C04F79EFBC}") = "Ordering.Infrastructure", "Sevices\Ordering\Ordering.Infrastructure\Ordering.Infrastructure.csproj", "{803714B9-9C29-420B-855A-A8F8340FA1CE}"
EndProject
Global
	GlobalSection(SolutionConfigurationPlatforms) = preSolution
		Debug|Any CPU = Debug|Any CPU
		Release|Any CPU = Release|Any CPU
	EndGlobalSection
	GlobalSection(ProjectConfigurationPlatforms) = postSolution
		{C0B8C7ED-14E9-43B6-BAED-52C98C1D49B5}.Debug|Any CPU.ActiveCfg = Debug|Any CPU
		{C0B8C7ED-14E9-43B6-BAED-52C98C1D49B5}.Debug|Any CPU.Build.0 = Debug|Any CPU
		{C0B8C7ED-14E9-43B6-BAED-52C98C1D49B5}.Release|Any CPU.ActiveCfg = Release|Any CPU
		{C0B8C7ED-14E9-43B6-BAED-52C98C1D49B5}.Release|Any CPU.Build.0 = Release|Any CPU
		{03AB2B96-A315-4E33-A1AB-E9D95B1108B1}.Debug|Any CPU.ActiveCfg = Debug|Any CPU
		{03AB2B96-A315-4E33-A1AB-E9D95B1108B1}.Debug|Any CPU.Build.0 = Debug|Any CPU
		{03AB2B96-A315-4E33-A1AB-E9D95B1108B1}.Release|Any CPU.ActiveCfg = Release|Any CPU
		{03AB2B96-A315-4E33-A1AB-E9D95B1108B1}.Release|Any CPU.Build.0 = Release|Any CPU
		{81DDED9D-158B-E303-5F62-77A2896D2A5A}.Debug|Any CPU.ActiveCfg = Debug|Any CPU
		{81DDED9D-158B-E303-5F62-77A2896D2A5A}.Debug|Any CPU.Build.0 = Debug|Any CPU
		{81DDED9D-158B-E303-5F62-77A2896D2A5A}.Release|Any CPU.ActiveCfg = Release|Any CPU
		{81DDED9D-158B-E303-5F62-77A2896D2A5A}.Release|Any CPU.Build.0 = Release|Any CPU
		{02FBD818-A686-4605-B69C-AB9E7B88C4BD}.Debug|Any CPU.ActiveCfg = Debug|Any CPU
		{02FBD818-A686-4605-B69C-AB9E7B88C4BD}.Debug|Any CPU.Build.0 = Debug|Any CPU
		{02FBD818-A686-4605-B69C-AB9E7B88C4BD}.Release|Any CPU.ActiveCfg = Release|Any CPU
		{02FBD818-A686-4605-B69C-AB9E7B88C4BD}.Release|Any CPU.Build.0 = Release|Any CPU
		{83946DF9-21F5-4F13-AEF2-C11604845163}.Debug|Any CPU.ActiveCfg = Debug|Any CPU
		{83946DF9-21F5-4F13-AEF2-C11604845163}.Debug|Any CPU.Build.0 = Debug|Any CPU
		{83946DF9-21F5-4F13-AEF2-C11604845163}.Release|Any CPU.ActiveCfg = Release|Any CPU
		{83946DF9-21F5-4F13-AEF2-C11604845163}.Release|Any CPU.Build.0 = Release|Any CPU
		{83B32038-BA17-462C-8DC8-4D08C763A8EB}.Debug|Any CPU.ActiveCfg = Debug|Any CPU
		{83B32038-BA17-462C-8DC8-4D08C763A8EB}.Debug|Any CPU.Build.0 = Debug|Any CPU
		{83B32038-BA17-462C-8DC8-4D08C763A8EB}.Release|Any CPU.ActiveCfg = Release|Any CPU
		{83B32038-BA17-462C-8DC8-4D08C763A8EB}.Release|Any CPU.Build.0 = Release|Any CPU
		{7A74BBCE-A751-4B62-84C4-486E0184A25D}.Debug|Any CPU.ActiveCfg = Debug|Any CPU
		{7A74BBCE-A751-4B62-84C4-486E0184A25D}.Debug|Any CPU.Build.0 = Debug|Any CPU
		{7A74BBCE-A751-4B62-84C4-486E0184A25D}.Release|Any CPU.ActiveCfg = Release|Any CPU
		{7A74BBCE-A751-4B62-84C4-486E0184A25D}.Release|Any CPU.Build.0 = Release|Any CPU
		{0B8A4599-78A3-4DC9-BAC3-A8025A987D5B}.Debug|Any CPU.ActiveCfg = Debug|Any CPU
		{0B8A4599-78A3-4DC9-BAC3-A8025A987D5B}.Debug|Any CPU.Build.0 = Debug|Any CPU
		{0B8A4599-78A3-4DC9-BAC3-A8025A987D5B}.Release|Any CPU.ActiveCfg = Release|Any CPU
		{0B8A4599-78A3-4DC9-BAC3-A8025A987D5B}.Release|Any CPU.Build.0 = Release|Any CPU
		{803714B9-9C29-420B-855A-A8F8340FA1CE}.Debug|Any CPU.ActiveCfg = Debug|Any CPU
		{803714B9-9C29-420B-855A-A8F8340FA1CE}.Debug|Any CPU.Build.0 = Debug|Any CPU
		{803714B9-9C29-420B-855A-A8F8340FA1CE}.Release|Any CPU.ActiveCfg = Release|Any CPU
		{803714B9-9C29-420B-855A-A8F8340FA1CE}.Release|Any CPU.Build.0 = Release|Any CPU
	EndGlobalSection
	GlobalSection(SolutionProperties) = preSolution
		HideSolutionNode = FALSE
	EndGlobalSection
	GlobalSection(NestedProjects) = preSolution
		{BC7FFFC3-87F9-4293-B57A-C703467F2297} = {ED70D90A-3EE7-4DB8-91C7-98DA01F0FD10}
		{C0B8C7ED-14E9-43B6-BAED-52C98C1D49B5} = {BC7FFFC3-87F9-4293-B57A-C703467F2297}
		{03AB2B96-A315-4E33-A1AB-E9D95B1108B1} = {5596D5A0-9D54-4402-AC52-B9A026B03DFF}
		{02EA681E-C7D8-13C7-8484-4AC65E1B71E8} = {ED70D90A-3EE7-4DB8-91C7-98DA01F0FD10}
		{02FBD818-A686-4605-B69C-AB9E7B88C4BD} = {02EA681E-C7D8-13C7-8484-4AC65E1B71E8}
		{802E4540-431E-4B26-B245-067686DE05A6} = {ED70D90A-3EE7-4DB8-91C7-98DA01F0FD10}
		{83946DF9-21F5-4F13-AEF2-C11604845163} = {802E4540-431E-4B26-B245-067686DE05A6}
		{B2384775-BD8A-4182-936D-28CECFE5E54A} = {ED70D90A-3EE7-4DB8-91C7-98DA01F0FD10}
		{83B32038-BA17-462C-8DC8-4D08C763A8EB} = {B2384775-BD8A-4182-936D-28CECFE5E54A}
		{7A74BBCE-A751-4B62-84C4-486E0184A25D} = {B2384775-BD8A-4182-936D-28CECFE5E54A}
		{0B8A4599-78A3-4DC9-BAC3-A8025A987D5B} = {B2384775-BD8A-4182-936D-28CECFE5E54A}
		{803714B9-9C29-420B-855A-A8F8340FA1CE} = {B2384775-BD8A-4182-936D-28CECFE5E54A}
	EndGlobalSection
	GlobalSection(ExtensibilityGlobals) = postSolution
		SolutionGuid = {3E9EDF62-1941-4ACC-80FD-EBE5E7F6FD76}
	EndGlobalSection
EndGlobal
